
Microsoft Visual Studio Solution File, Format Version 12.00
# Visual Studio Version 17
VisualStudioVersion = 17.5.33502.453
MinimumVisualStudioVersion = 10.0.40219.1
Project("{8BC9CEB8-8B4A-11D0-8D11-00A0C91BC942}") = "XD-Ball", "XD-Ball\XD-Ball.vcxproj", "{DC030BF9-CBDA-4D4F-8019-3BAD58B87609}"
EndProject
Global
	GlobalSection(SolutionConfigurationPlatforms) = preSolution
		Debug|x64 = Debug|x64
		Debug|x86 = Debug|x86
		Release|x64 = Release|x64
		Release|x86 = Release|x86
	EndGlobalSection
	GlobalSection(ProjectConfigurationPlatforms) = postSolution
		{DC030BF9-CBDA-4D4F-8019-3BAD58B87609}.Debug|x64.ActiveCfg = Debug|x64
		{DC030BF9-CBDA-4D4F-8019-3BAD58B87609}.Debug|x64.Build.0 = Debug|x64
		{DC030BF9-CBDA-4D4F-8019-3BAD58B87609}.Debug|x86.ActiveCfg = Debug|Win32
		{DC030BF9-CBDA-4D4F-8019-3BAD58B87609}.Debug|x86.Build.0 = Debug|Win32
		{DC030BF9-CBDA-4D4F-8019-3BAD58B87609}.Release|x64.ActiveCfg = Release|x64
		{DC030BF9-CBDA-4D4F-8019-3BAD58B87609}.Release|x64.Build.0 = Release|x64
		{DC030BF9-CBDA-4D4F-8019-3BAD58B87609}.Release|x86.ActiveCfg = Release|Win32
		{DC030BF9-CBDA-4D4F-8019-3BAD58B87609}.Release|x86.Build.0 = Release|Win32
	EndGlobalSection
	GlobalSection(SolutionProperties) = preSolution
		HideSolutionNode = FALSE
	EndGlobalSection
	GlobalSection(ExtensibilityGlobals) = postSolution
		SolutionGuid = {7400CB24-4307-4CC2-906D-34C3268C1958}
	EndGlobalSection
EndGlobal
